// !$*UTF8*$!
{
	archiveVersion = 1;
	classes = {
	};
	objectVersion = 46;
	objects = {

/* Begin PBXBuildFile section */
		7A0527991E54247D0013D3C2 /* main.m in Sources */ = {isa = PBXBuildFile; fileRef = 7A0527981E54247D0013D3C2 /* main.m */; };
		7A0527A21E54247D0013D3C2 /* Main.storyboard in Resources */ = {isa = PBXBuildFile; fileRef = 7A0527A01E54247D0013D3C2 /* Main.storyboard */; };
		7A0527A41E54247D0013D3C2 /* Assets.xcassets in Resources */ = {isa = PBXBuildFile; fileRef = 7A0527A31E54247D0013D3C2 /* Assets.xcassets */; };
		7A0527A71E54247D0013D3C2 /* LaunchScreen.storyboard in Resources */ = {isa = PBXBuildFile; fileRef = 7A0527A51E54247D0013D3C2 /* LaunchScreen.storyboard */; };
		7A0527B61E542A3F0013D3C2 /* AppDelegate.m in Sources */ = {isa = PBXBuildFile; fileRef = 7A0527B21E542A3F0013D3C2 /* AppDelegate.m */; };
		7A0527BB1E542A9A0013D3C2 /* ViewController.m in Sources */ = {isa = PBXBuildFile; fileRef = 7A0527BA1E542A9A0013D3C2 /* ViewController.m */; };
		7A0527CF1E542DDC0013D3C2 /* 美乐生活用户注册协议.html in Resources */ = {isa = PBXBuildFile; fileRef = 7A0527CD1E542DDC0013D3C2 /* 美乐生活用户注册协议.html */; };
		7A0527D01E542DDC0013D3C2 /* 用户积分.html in Resources */ = {isa = PBXBuildFile; fileRef = 7A0527CE1E542DDC0013D3C2 /* 用户积分.html */; };
		7CD36E545A891669B4AE43D7 /* Pods_MeiLe_Click_Simplify.framework in Frameworks */ = {isa = PBXBuildFile; fileRef = 053A0A97E4A6ACAC5B020E6F /* Pods_MeiLe_Click_Simplify.framework */; };
/* End PBXBuildFile section */

/* Begin PBXFileReference section */
		053A0A97E4A6ACAC5B020E6F /* Pods_MeiLe_Click_Simplify.framework */ = {isa = PBXFileReference; explicitFileType = wrapper.framework; includeInIndex = 0; path = Pods_MeiLe_Click_Simplify.framework; sourceTree = BUILT_PRODUCTS_DIR; };
		2424E3845C41FE369FF6A13C /* Pods-MeiLe_Click_Simplify.debug.xcconfig */ = {isa = PBXFileReference; includeInIndex = 1; lastKnownFileType = text.xcconfig; name = "Pods-MeiLe_Click_Simplify.debug.xcconfig"; path = "Pods/Target Support Files/Pods-MeiLe_Click_Simplify/Pods-MeiLe_Click_Simplify.debug.xcconfig"; sourceTree = "<group>"; };
		7A0527941E54247D0013D3C2 /* MeiLe_Click_Simplify.app */ = {isa = PBXFileReference; explicitFileType = wrapper.application; includeInIndex = 0; path = MeiLe_Click_Simplify.app; sourceTree = BUILT_PRODUCTS_DIR; };
		7A0527981E54247D0013D3C2 /* main.m */ = {isa = PBXFileReference; lastKnownFileType = sourcecode.c.objc; path = main.m; sourceTree = "<group>"; };
		7A0527A11E54247D0013D3C2 /* Base */ = {isa = PBXFileReference; lastKnownFileType = file.storyboard; name = Base; path = Base.lproj/Main.storyboard; sourceTree = "<group>"; };
		7A0527A31E54247D0013D3C2 /* Assets.xcassets */ = {isa = PBXFileReference; lastKnownFileType = folder.assetcatalog; path = Assets.xcassets; sourceTree = "<group>"; };
		7A0527A61E54247D0013D3C2 /* Base */ = {isa = PBXFileReference; lastKnownFileType = file.storyboard; name = Base; path = Base.lproj/LaunchScreen.storyboard; sourceTree = "<group>"; };
		7A0527A81E54247D0013D3C2 /* Info.plist */ = {isa = PBXFileReference; lastKnownFileType = text.plist.xml; path = Info.plist; sourceTree = "<group>"; };
		7A0527B11E542A3F0013D3C2 /* AppDelegate.h */ = {isa = PBXFileReference; fileEncoding = 4; lastKnownFileType = sourcecode.c.h; path = AppDelegate.h; sourceTree = "<group>"; };
		7A0527B21E542A3F0013D3C2 /* AppDelegate.m */ = {isa = PBXFileReference; fileEncoding = 4; lastKnownFileType = sourcecode.c.objc; path = AppDelegate.m; sourceTree = "<group>"; };
		7A0527B91E542A9A0013D3C2 /* ViewController.h */ = {isa = PBXFileReference; fileEncoding = 4; lastKnownFileType = sourcecode.c.h; path = ViewController.h; sourceTree = "<group>"; };
		7A0527BA1E542A9A0013D3C2 /* ViewController.m */ = {isa = PBXFileReference; fileEncoding = 4; lastKnownFileType = sourcecode.c.objc; path = ViewController.m; sourceTree = "<group>"; };
		7A0527CD1E542DDC0013D3C2 /* 美乐生活用户注册协议.html */ = {isa = PBXFileReference; fileEncoding = 4; lastKnownFileType = text.html; path = "美乐生活用户注册协议.html"; sourceTree = "<group>"; };
		7A0527CE1E542DDC0013D3C2 /* 用户积分.html */ = {isa = PBXFileReference; fileEncoding = 4; lastKnownFileType = text.html; path = "用户积分.html"; sourceTree = "<group>"; };
		81F15D75BE9AEFE24E57458E /* Pods-MeiLe_Click_Simplify.release.xcconfig */ = {isa = PBXFileReference; includeInIndex = 1; lastKnownFileType = text.xcconfig; name = "Pods-MeiLe_Click_Simplify.release.xcconfig"; path = "Pods/Target Support Files/Pods-MeiLe_Click_Simplify/Pods-MeiLe_Click_Simplify.release.xcconfig"; sourceTree = "<group>"; };
/* End PBXFileReference section */

/* Begin PBXFrameworksBuildPhase section */
		7A0527911E54247D0013D3C2 /* Frameworks */ = {
			isa = PBXFrameworksBuildPhase;
			buildActionMask = 2147483647;
			files = (
				7CD36E545A891669B4AE43D7 /* Pods_MeiLe_Click_Simplify.framework in Frameworks */,
			);
			runOnlyForDeploymentPostprocessing = 0;
		};
/* End PBXFrameworksBuildPhase section */

/* Begin PBXGroup section */
		1E8317FAFD6F7F2956C2AA5D /* Pods */ = {
			isa = PBXGroup;
			children = (
				2424E3845C41FE369FF6A13C /* Pods-MeiLe_Click_Simplify.debug.xcconfig */,
				81F15D75BE9AEFE24E57458E /* Pods-MeiLe_Click_Simplify.release.xcconfig */,
			);
			name = Pods;
			sourceTree = "<group>";
		};
		7A05278B1E54247D0013D3C2 = {
			isa = PBXGroup;
			children = (
				7A0527961E54247D0013D3C2 /* MeiLe_Click_Simplify */,
				7A0527951E54247D0013D3C2 /* Products */,
				1E8317FAFD6F7F2956C2AA5D /* Pods */,
				AC79DF30C462413F76204A2F /* Frameworks */,
			);
			sourceTree = "<group>";
		};
		7A0527951E54247D0013D3C2 /* Products */ = {
			isa = PBXGroup;
			children = (
				7A0527941E54247D0013D3C2 /* MeiLe_Click_Simplify.app */,
			);
			name = Products;
			sourceTree = "<group>";
		};
		7A0527961E54247D0013D3C2 /* MeiLe_Click_Simplify */ = {
			isa = PBXGroup;
			children = (
				7A0527B01E542A3F0013D3C2 /* AppDelegate */,
				7A0527BE1E542B750013D3C2 /* HomePage */,
				7A0527BD1E542B750013D3C2 /* Customization */,
				7A0527C11E542B750013D3C2 /* WareHouse */,
				7A0527C01E542B750013D3C2 /* Person */,
				7A0527BF1E542B750013D3C2 /* Login&Register */,
				7A0527B81E542A9A0013D3C2 /* Main */,
				7A0527BC1E542B750013D3C2 /* CommonFile */,
				7A0527971E54247D0013D3C2 /* Supporting Files */,
			);
			path = MeiLe_Click_Simplify;
			sourceTree = "<group>";
		};
		7A0527971E54247D0013D3C2 /* Supporting Files */ = {
			isa = PBXGroup;
			children = (
				7A0527CD1E542DDC0013D3C2 /* 美乐生活用户注册协议.html */,
				7A0527CE1E542DDC0013D3C2 /* 用户积分.html */,
				7A0527A01E54247D0013D3C2 /* Main.storyboard */,
				7A0527A31E54247D0013D3C2 /* Assets.xcassets */,
				7A0527A51E54247D0013D3C2 /* LaunchScreen.storyboard */,
				7A0527A81E54247D0013D3C2 /* Info.plist */,
				7A0527981E54247D0013D3C2 /* main.m */,
			);
			name = "Supporting Files";
			sourceTree = "<group>";
		};
		7A0527B01E542A3F0013D3C2 /* AppDelegate */ = {
			isa = PBXGroup;
			children = (
				7A0527B11E542A3F0013D3C2 /* AppDelegate.h */,
				7A0527B21E542A3F0013D3C2 /* AppDelegate.m */,
			);
			path = AppDelegate;
			sourceTree = "<group>";
		};
		7A0527B81E542A9A0013D3C2 /* Main */ = {
			isa = PBXGroup;
			children = (
				7A0527B91E542A9A0013D3C2 /* ViewController.h */,
				7A0527BA1E542A9A0013D3C2 /* ViewController.m */,
			);
			path = Main;
			sourceTree = "<group>";
		};
		7A0527BC1E542B750013D3C2 /* CommonFile */ = {
			isa = PBXGroup;
			children = (
			);
			path = CommonFile;
			sourceTree = "<group>";
		};
		7A0527BD1E542B750013D3C2 /* Customization */ = {
			isa = PBXGroup;
			children = (
			);
			path = Customization;
			sourceTree = "<group>";
		};
		7A0527BE1E542B750013D3C2 /* HomePage */ = {
			isa = PBXGroup;
			children = (
			);
			path = HomePage;
			sourceTree = "<group>";
		};
		7A0527BF1E542B750013D3C2 /* Login&Register */ = {
			isa = PBXGroup;
			children = (
			);
			path = "Login&Register";
			sourceTree = "<group>";
		};
		7A0527C01E542B750013D3C2 /* Person */ = {
			isa = PBXGroup;
			children = (
				7A0527C71E542D040013D3C2 /* Manager */,
				7A0527C31E542D040013D3C2 /* BaseInfo */,
				7A0527C61E542D040013D3C2 /* Integral */,
				7A0527C81E542D040013D3C2 /* MyShopping */,
				7A0527CC1E542D040013D3C2 /* Warehouse */,
				7A0527C41E542D040013D3C2 /* Family */,
				7A0527C21E542D040013D3C2 /* Address */,
				7A0527CA1E542D040013D3C2 /* Record */,
				7A0527C51E542D040013D3C2 /* Feedback */,
				7A0527C91E542D040013D3C2 /* QRCode */,
				7A0527CB1E542D040013D3C2 /* Set */,
			);
			path = Person;
			sourceTree = "<group>";
		};
		7A0527C11E542B750013D3C2 /* WareHouse */ = {
			isa = PBXGroup;
			children = (
			);
			path = WareHouse;
			sourceTree = "<group>";
		};
		7A0527C21E542D040013D3C2 /* Address */ = {
			isa = PBXGroup;
			children = (
			);
			path = Address;
			sourceTree = "<group>";
		};
		7A0527C31E542D040013D3C2 /* BaseInfo */ = {
			isa = PBXGroup;
			children = (
			);
			path = BaseInfo;
			sourceTree = "<group>";
		};
		7A0527C41E542D040013D3C2 /* Family */ = {
			isa = PBXGroup;
			children = (
			);
			path = Family;
			sourceTree = "<group>";
		};
		7A0527C51E542D040013D3C2 /* Feedback */ = {
			isa = PBXGroup;
			children = (
			);
			path = Feedback;
			sourceTree = "<group>";
		};
		7A0527C61E542D040013D3C2 /* Integral */ = {
			isa = PBXGroup;
			children = (
			);
			path = Integral;
			sourceTree = "<group>";
		};
		7A0527C71E542D040013D3C2 /* Manager */ = {
			isa = PBXGroup;
			children = (
			);
			path = Manager;
			sourceTree = "<group>";
		};
		7A0527C81E542D040013D3C2 /* MyShopping */ = {
			isa = PBXGroup;
			children = (
			);
			path = MyShopping;
			sourceTree = "<group>";
		};
		7A0527C91E542D040013D3C2 /* QRCode */ = {
			isa = PBXGroup;
			children = (
			);
			path = QRCode;
			sourceTree = "<group>";
		};
		7A0527CA1E542D040013D3C2 /* Record */ = {
			isa = PBXGroup;
			children = (
			);
			path = Record;
			sourceTree = "<group>";
		};
		7A0527CB1E542D040013D3C2 /* Set */ = {
			isa = PBXGroup;
			children = (
			);
			path = Set;
			sourceTree = "<group>";
		};
		7A0527CC1E542D040013D3C2 /* Warehouse */ = {
			isa = PBXGroup;
			children = (
			);
			path = Warehouse;
			sourceTree = "<group>";
		};
		AC79DF30C462413F76204A2F /* Frameworks */ = {
			isa = PBXGroup;
			children = (
				053A0A97E4A6ACAC5B020E6F /* Pods_MeiLe_Click_Simplify.framework */,
			);
			name = Frameworks;
			sourceTree = "<group>";
		};
/* End PBXGroup section */

/* Begin PBXNativeTarget section */
		7A0527931E54247D0013D3C2 /* MeiLe_Click_Simplify */ = {
			isa = PBXNativeTarget;
			buildConfigurationList = 7A0527AB1E54247D0013D3C2 /* Build configuration list for PBXNativeTarget "MeiLe_Click_Simplify" */;
			buildPhases = (
				B75CCC95BE4DE4CA70A0C3FA /* [CP] Check Pods Manifest.lock */,
				7A0527901E54247D0013D3C2 /* Sources */,
				7A0527911E54247D0013D3C2 /* Frameworks */,
				7A0527921E54247D0013D3C2 /* Resources */,
				AB607BA1B7E758A5E69BF9F1 /* [CP] Embed Pods Frameworks */,
				6CC6EEDFC83F620CB838F91C /* [CP] Copy Pods Resources */,
			);
			buildRules = (
			);
			dependencies = (
			);
			name = MeiLe_Click_Simplify;
			productName = MeiLe_Click_Simplify;
			productReference = 7A0527941E54247D0013D3C2 /* MeiLe_Click_Simplify.app */;
			productType = "com.apple.product-type.application";
		};
/* End PBXNativeTarget section */

/* Begin PBXProject section */
		7A05278C1E54247D0013D3C2 /* Project object */ = {
			isa = PBXProject;
			attributes = {
				LastUpgradeCheck = 0820;
				ORGANIZATIONNAME = ShengHao;
				TargetAttributes = {
					7A0527931E54247D0013D3C2 = {
						CreatedOnToolsVersion = 8.2.1;
						DevelopmentTeam = RQN4654QNP;
						ProvisioningStyle = Automatic;
					};
				};
			};
			buildConfigurationList = 7A05278F1E54247D0013D3C2 /* Build configuration list for PBXProject "MeiLe_Click_Simplify" */;
			compatibilityVersion = "Xcode 3.2";
			developmentRegion = English;
			hasScannedForEncodings = 0;
			knownRegions = (
				en,
				Base,
			);
			mainGroup = 7A05278B1E54247D0013D3C2;
			productRefGroup = 7A0527951E54247D0013D3C2 /* Products */;
			projectDirPath = "";
			projectRoot = "";
			targets = (
				7A0527931E54247D0013D3C2 /* MeiLe_Click_Simplify */,
			);
		};
/* End PBXProject section */

/* Begin PBXResourcesBuildPhase section */
		7A0527921E54247D0013D3C2 /* Resources */ = {
			isa = PBXResourcesBuildPhase;
			buildActionMask = 2147483647;
			files = (
				7A0527A71E54247D0013D3C2 /* LaunchScreen.storyboard in Resources */,
				7A0527A41E54247D0013D3C2 /* Assets.xcassets in Resources */,
				7A0527CF1E542DDC0013D3C2 /* 美乐生活用户注册协议.html in Resources */,
				7A0527A21E54247D0013D3C2 /* Main.storyboard in Resources */,
				7A0527D01E542DDC0013D3C2 /* 用户积分.html in Resources */,
			);
			runOnlyForDeploymentPostprocessing = 0;
		};
/* End PBXResourcesBuildPhase section */

/* Begin PBXShellScriptBuildPhase section */
		6CC6EEDFC83F620CB838F91C /* [CP] Copy Pods Resources */ = {
			isa = PBXShellScriptBuildPhase;
			buildActionMask = 2147483647;
			files = (
			);
			inputPaths = (
			);
			name = "[CP] Copy Pods Resources";
			outputPaths = (
			);
			runOnlyForDeploymentPostprocessing = 0;
			shellPath = /bin/sh;
			shellScript = "\"${SRCROOT}/Pods/Target Support Files/Pods-MeiLe_Click_Simplify/Pods-MeiLe_Click_Simplify-resources.sh\"\n";
			showEnvVarsInLog = 0;
		};
		AB607BA1B7E758A5E69BF9F1 /* [CP] Embed Pods Frameworks */ = {
			isa = PBXShellScriptBuildPhase;
			buildActionMask = 2147483647;
			files = (
			);
			inputPaths = (
			);
			name = "[CP] Embed Pods Frameworks";
			outputPaths = (
			);
			runOnlyForDeploymentPostprocessing = 0;
			shellPath = /bin/sh;
			shellScript = "\"${SRCROOT}/Pods/Target Support Files/Pods-MeiLe_Click_Simplify/Pods-MeiLe_Click_Simplify-frameworks.sh\"\n";
			showEnvVarsInLog = 0;
		};
		B75CCC95BE4DE4CA70A0C3FA /* [CP] Check Pods Manifest.lock */ = {
			isa = PBXShellScriptBuildPhase;
			buildActionMask = 2147483647;
			files = (
			);
			inputPaths = (
			);
			name = "[CP] Check Pods Manifest.lock";
			outputPaths = (
			);
			runOnlyForDeploymentPostprocessing = 0;
			shellPath = /bin/sh;
			shellScript = "diff \"${PODS_ROOT}/../Podfile.lock\" \"${PODS_ROOT}/Manifest.lock\" > /dev/null\nif [ $? != 0 ] ; then\n    # print error to STDERR\n    echo \"error: The sandbox is not in sync with the Podfile.lock. Run 'pod install' or update your CocoaPods installation.\" >&2\n    exit 1\nfi\n";
			showEnvVarsInLog = 0;
		};
/* End PBXShellScriptBuildPhase section */

/* Begin PBXSourcesBuildPhase section */
		7A0527901E54247D0013D3C2 /* Sources */ = {
			isa = PBXSourcesBuildPhase;
			buildActionMask = 2147483647;
			files = (
				7A0527BB1E542A9A0013D3C2 /* ViewController.m in Sources */,
				7A0527B61E542A3F0013D3C2 /* AppDelegate.m in Sources */,
				7A0527991E54247D0013D3C2 /* main.m in Sources */,
			);
			runOnlyForDeploymentPostprocessing = 0;
		};
/* End PBXSourcesBuildPhase section */

/* Begin PBXVariantGroup section */
		7A0527A01E54247D0013D3C2 /* Main.storyboard */ = {
			isa = PBXVariantGroup;
			children = (
				7A0527A11E54247D0013D3C2 /* Base */,
			);
			name = Main.storyboard;
			sourceTree = "<group>";
		};
		7A0527A51E54247D0013D3C2 /* LaunchScreen.storyboard */ = {
			isa = PBXVariantGroup;
			children = (
				7A0527A61E54247D0013D3C2 /* Base */,
			);
			name = LaunchScreen.storyboard;
			sourceTree = "<group>";
		};
/* End PBXVariantGroup section */

/* Begin XCBuildConfiguration section */
		7A0527A91E54247D0013D3C2 /* Debug */ = {
			isa = XCBuildConfiguration;
			buildSettings = {
				ALWAYS_SEARCH_USER_PATHS = NO;
				CLANG_ANALYZER_NONNULL = YES;
				CLANG_CXX_LANGUAGE_STANDARD = "gnu++0x";
				CLANG_CXX_LIBRARY = "libc++";
				CLANG_ENABLE_MODULES = YES;
				CLANG_ENABLE_OBJC_ARC = YES;
				CLANG_WARN_BOOL_CONVERSION = YES;
				CLANG_WARN_CONSTANT_CONVERSION = YES;
				CLANG_WARN_DIRECT_OBJC_ISA_USAGE = YES_ERROR;
				CLANG_WARN_DOCUMENTATION_COMMENTS = YES;
				CLANG_WARN_EMPTY_BODY = YES;
				CLANG_WARN_ENUM_CONVERSION = YES;
				CLANG_WARN_INFINITE_RECURSION = YES;
				CLANG_WARN_INT_CONVERSION = YES;
				CLANG_WARN_OBJC_ROOT_CLASS = YES_ERROR;
				CLANG_WARN_SUSPICIOUS_MOVE = YES;
				CLANG_WARN_UNREACHABLE_CODE = YES;
				CLANG_WARN__DUPLICATE_METHOD_MATCH = YES;
				"CODE_SIGN_IDENTITY[sdk=iphoneos*]" = "iPhone Developer";
				COPY_PHASE_STRIP = NO;
				DEBUG_INFORMATION_FORMAT = dwarf;
				ENABLE_STRICT_OBJC_MSGSEND = YES;
				ENABLE_TESTABILITY = YES;
				GCC_C_LANGUAGE_STANDARD = gnu99;
				GCC_DYNAMIC_NO_PIC = NO;
				GCC_NO_COMMON_BLOCKS = YES;
				GCC_OPTIMIZATION_LEVEL = 0;
				GCC_PREPROCESSOR_DEFINITIONS = (
					"DEBUG=1",
					"$(inherited)",
				);
				GCC_WARN_64_TO_32_BIT_CONVERSION = YES;
				GCC_WARN_ABOUT_RETURN_TYPE = YES_ERROR;
				GCC_WARN_UNDECLARED_SELECTOR = YES;
				GCC_WARN_UNINITIALIZED_AUTOS = YES_AGGRESSIVE;
				GCC_WARN_UNUSED_FUNCTION = YES;
				GCC_WARN_UNUSED_VARIABLE = YES;
				IPHONEOS_DEPLOYMENT_TARGET = 10.2;
				MTL_ENABLE_DEBUG_INFO = YES;
				ONLY_ACTIVE_ARCH = YES;
				SDKROOT = iphoneos;
			};
			name = Debug;
		};
		7A0527AA1E54247D0013D3C2 /* Release */ = {
			isa = XCBuildConfiguration;
			buildSettings = {
				ALWAYS_SEARCH_USER_PATHS = NO;
				CLANG_ANALYZER_NONNULL = YES;
				CLANG_CXX_LANGUAGE_STANDARD = "gnu++0x";
				CLANG_CXX_LIBRARY = "libc++";
				CLANG_ENABLE_MODULES = YES;
				CLANG_ENABLE_OBJC_ARC = YES;
				CLANG_WARN_BOOL_CONVERSION = YES;
				CLANG_WARN_CONSTANT_CONVERSION = YES;
				CLANG_WARN_DIRECT_OBJC_ISA_USAGE = YES_ERROR;
				CLANG_WARN_DOCUMENTATION_COMMENTS = YES;
				CLANG_WARN_EMPTY_BODY = YES;
				CLANG_WARN_ENUM_CONVERSION = YES;
				CLANG_WARN_INFINITE_RECURSION = YES;
				CLANG_WARN_INT_CONVERSION = YES;
				CLANG_WARN_OBJC_ROOT_CLASS = YES_ERROR;
				CLANG_WARN_SUSPICIOUS_MOVE = YES;
				CLANG_WARN_UNREACHABLE_CODE = YES;
				CLANG_WARN__DUPLICATE_METHOD_MATCH = YES;
				"CODE_SIGN_IDENTITY[sdk=iphoneos*]" = "iPhone Developer";
				COPY_PHASE_STRIP = NO;
				DEBUG_INFORMATION_FORMAT = "dwarf-with-dsym";
				ENABLE_NS_ASSERTIONS = NO;
				ENABLE_STRICT_OBJC_MSGSEND = YES;
				GCC_C_LANGUAGE_STANDARD = gnu99;
				GCC_NO_COMMON_BLOCKS = YES;
				GCC_WARN_64_TO_32_BIT_CONVERSION = YES;
				GCC_WARN_ABOUT_RETURN_TYPE = YES_ERROR;
				GCC_WARN_UNDECLARED_SELECTOR = YES;
				GCC_WARN_UNINITIALIZED_AUTOS = YES_AGGRESSIVE;
				GCC_WARN_UNUSED_FUNCTION = YES;
				GCC_WARN_UNUSED_VARIABLE = YES;
				IPHONEOS_DEPLOYMENT_TARGET = 10.2;
				MTL_ENABLE_DEBUG_INFO = NO;
				SDKROOT = iphoneos;
				VALIDATE_PRODUCT = YES;
			};
			name = Release;
		};
		7A0527AC1E54247D0013D3C2 /* Debug */ = {
			isa = XCBuildConfiguration;
			baseConfigurationReference = 2424E3845C41FE369FF6A13C /* Pods-MeiLe_Click_Simplify.debug.xcconfig */;
			buildSettings = {
				ASSETCATALOG_COMPILER_APPICON_NAME = AppIcon;
				ASSETCATALOG_COMPILER_LAUNCHIMAGE_NAME = LaunchImage;
				DEVELOPMENT_TEAM = RQN4654QNP;
				INFOPLIST_FILE = MeiLe_Click_Simplify/Info.plist;
				IPHONEOS_DEPLOYMENT_TARGET = 8.0;
				LD_RUNPATH_SEARCH_PATHS = "$(inherited) @executable_path/Frameworks";
				PRODUCT_BUNDLE_IDENTIFIER = com.zhongmei.yonghuduan;
				PRODUCT_NAME = "$(TARGET_NAME)";
			};
			name = Debug;
		};
		7A0527AD1E54247D0013D3C2 /* Release */ = {
			isa = XCBuildConfiguration;
			baseConfigurationReference = 81F15D75BE9AEFE24E57458E /* Pods-MeiLe_Click_Simplify.release.xcconfig */;
			buildSettings = {
				ASSETCATALOG_COMPILER_APPICON_NAME = AppIcon;
				ASSETCATALOG_COMPILER_LAUNCHIMAGE_NAME = LaunchImage;
				DEVELOPMENT_TEAM = RQN4654QNP;
				INFOPLIST_FILE = MeiLe_Click_Simplify/Info.plist;
				IPHONEOS_DEPLOYMENT_TARGET = 8.0;
				LD_RUNPATH_SEARCH_PATHS = "$(inherited) @executable_path/Frameworks";
				PRODUCT_BUNDLE_IDENTIFIER = com.zhongmei.yonghuduan;
				PRODUCT_NAME = "$(TARGET_NAME)";
			};
			name = Release;
		};
/* End XCBuildConfiguration section */

/* Begin XCConfigurationList section */
		7A05278F1E54247D0013D3C2 /* Build configuration list for PBXProject "MeiLe_Click_Simplify" */ = {
			isa = XCConfigurationList;
			buildConfigurations = (
				7A0527A91E54247D0013D3C2 /* Debug */,
				7A0527AA1E54247D0013D3C2 /* Release */,
			);
			defaultConfigurationIsVisible = 0;
			defaultConfigurationName = Release;
		};
		7A0527AB1E54247D0013D3C2 /* Build configuration list for PBXNativeTarget "MeiLe_Click_Simplify" */ = {
			isa = XCConfigurationList;
			buildConfigurations = (
				7A0527AC1E54247D0013D3C2 /* Debug */,
				7A0527AD1E54247D0013D3C2 /* Release */,
			);
			defaultConfigurationIsVisible = 0;
			defaultConfigurationName = Release;
		};
/* End XCConfigurationList section */
	};
	rootObject = 7A05278C1E54247D0013D3C2 /* Project object */;
}
